
Microsoft Visual Studio Solution File, Format Version 12.00
# Visual Studio Version 16
VisualStudioVersion = 16.0.31025.194
MinimumVisualStudioVersion = 10.0.40219.1
Project("{FAE04EC0-301F-11D3-BF4B-00C04F79EFBC}") = "ExeDataGridandNavBinding", "ExeDataGridandNavBinding\ExeDataGridandNavBinding.csproj", "{8AD63F7C-0517-4F80-94A7-4E1C89F2D229}"
EndProject
Global
	GlobalSection(SolutionConfigurationPlatforms) = preSolution
		Debug|Any CPU = Debug|Any CPU
		Release|Any CPU = Release|Any CPU
	EndGlobalSection
	GlobalSection(ProjectConfigurationPlatforms) = postSolution
		{8AD63F7C-0517-4F80-94A7-4E1C89F2D229}.Debug|Any CPU.ActiveCfg = Debug|Any CPU
		{8AD63F7C-0517-4F80-94A7-4E1C89F2D229}.Debug|Any CPU.Build.0 = Debug|Any CPU
		{8AD63F7C-0517-4F80-94A7-4E1C89F2D229}.Release|Any CPU.ActiveCfg = Release|Any CPU
		{8AD63F7C-0517-4F80-94A7-4E1C89F2D229}.Release|Any CPU.Build.0 = Release|Any CPU
	EndGlobalSection
	GlobalSection(SolutionProperties) = preSolution
		HideSolutionNode = FALSE
	EndGlobalSection
	GlobalSection(ExtensibilityGlobals) = postSolution
		SolutionGuid = {2062A954-85DE-4312-A2FB-CA3E63D3F25C}
	EndGlobalSection
EndGlobal
